
Microsoft Visual Studio Solution File, Format Version 12.00
# Visual Studio Version 17
VisualStudioVersion = 17.10.35027.167
MinimumVisualStudioVersion = 10.0.40219.1
Project("{FAE04EC0-301F-11D3-BF4B-00C04F79EFBC}") = "PartnerCommission.Partners.Api", "src\PartnerCommission.Partners.Api\PartnerCommission.Partners.Api.csproj", "{73EFB505-6AC4-4D5A-97DB-F9531BF2A9C7}"
EndProject
Project("{FAE04EC0-301F-11D3-BF4B-00C04F79EFBC}") = "PartnerCommission.Commissions.Api", "src\PartnerCommission.Commissions.Api\PartnerCommission.Commissions.Api.csproj", "{153EAE27-61C0-45EE-B8C2-E769B76348F0}"
EndProject
Global
	GlobalSection(SolutionConfigurationPlatforms) = preSolution
		Debug|Any CPU = Debug|Any CPU
		Release|Any CPU = Release|Any CPU
	EndGlobalSection
	GlobalSection(ProjectConfigurationPlatforms) = postSolution
		{73EFB505-6AC4-4D5A-97DB-F9531BF2A9C7}.Debug|Any CPU.ActiveCfg = Debug|Any CPU
		{73EFB505-6AC4-4D5A-97DB-F9531BF2A9C7}.Debug|Any CPU.Build.0 = Debug|Any CPU
		{73EFB505-6AC4-4D5A-97DB-F9531BF2A9C7}.Release|Any CPU.ActiveCfg = Release|Any CPU
		{73EFB505-6AC4-4D5A-97DB-F9531BF2A9C7}.Release|Any CPU.Build.0 = Release|Any CPU
		{153EAE27-61C0-45EE-B8C2-E769B76348F0}.Debug|Any CPU.ActiveCfg = Debug|Any CPU
		{153EAE27-61C0-45EE-B8C2-E769B76348F0}.Debug|Any CPU.Build.0 = Debug|Any CPU
		{153EAE27-61C0-45EE-B8C2-E769B76348F0}.Release|Any CPU.ActiveCfg = Release|Any CPU
		{153EAE27-61C0-45EE-B8C2-E769B76348F0}.Release|Any CPU.Build.0 = Release|Any CPU
	EndGlobalSection
	GlobalSection(SolutionProperties) = preSolution
		HideSolutionNode = FALSE
	EndGlobalSection
	GlobalSection(ExtensibilityGlobals) = postSolution
		SolutionGuid = {29899C57-D305-4D6D-91F0-A1F17F34F4E9}
	EndGlobalSection
EndGlobal
